
Microsoft Visual Studio Solution File, Format Version 12.00
Project("{99d6f2a9-1021-4ea5-acb3-48cbd6fb8d09}") = "Multiplayer", "Multiplayer/Multiplayer.csproj", "{f712c7fb-eeae-4036-a938-356e022b0455}"
EndProject
Global
	GlobalSection(SolutionConfigurationPlatforms) = preSolution
		Release|Any CPU = Release|Any CPU
	EndGlobalSection
	GlobalSection(ProjectConfigurationPlatforms) = postSolution
		{f712c7fb-eeae-4036-a938-356e022b0455}.Release|Any CPU.ActiveCfg = Release|Any CPU
		{f712c7fb-eeae-4036-a938-356e022b0455}.Release|Any CPU.Build.0 = Release|Any CPU
	EndGlobalSection
EndGlobal
